
Microsoft Visual Studio Solution File, Format Version 12.00
# Visual Studio Version 17
VisualStudioVersion = 17.9.34902.65
MinimumVisualStudioVersion = 10.0.40219.1
Project("{FAE04EC0-301F-11D3-BF4B-00C04F79EFBC}") = "SimpleSQLiteWithDapperExample", "SimpleSQLiteWithDapperExample\SimpleSQLiteWithDapperExample.csproj", "{A2DE5A9C-3AED-4D1B-825B-193B2A36AD25}"
EndProject
Global
	GlobalSection(SolutionConfigurationPlatforms) = preSolution
		Debug|Any CPU = Debug|Any CPU
		Release|Any CPU = Release|Any CPU
	EndGlobalSection
	GlobalSection(ProjectConfigurationPlatforms) = postSolution
		{A2DE5A9C-3AED-4D1B-825B-193B2A36AD25}.Debug|Any CPU.ActiveCfg = Debug|Any CPU
		{A2DE5A9C-3AED-4D1B-825B-193B2A36AD25}.Debug|Any CPU.Build.0 = Debug|Any CPU
		{A2DE5A9C-3AED-4D1B-825B-193B2A36AD25}.Release|Any CPU.ActiveCfg = Release|Any CPU
		{A2DE5A9C-3AED-4D1B-825B-193B2A36AD25}.Release|Any CPU.Build.0 = Release|Any CPU
	EndGlobalSection
	GlobalSection(SolutionProperties) = preSolution
		HideSolutionNode = FALSE
	EndGlobalSection
	GlobalSection(ExtensibilityGlobals) = postSolution
		SolutionGuid = {6685EE38-202D-4C29-B3CD-DC031352B89E}
	EndGlobalSection
EndGlobal
